
Microsoft Visual Studio Solution File, Format Version 11.00
# Visual C++ Express 2010
Project("{8BC9CEB8-8B4A-11D0-8D11-00A0C91BC942}") = "testing2", "testing2\testing2.vcxproj", "{848FCC62-A848-42CD-854D-C0D5AA60402D}"
EndProject
Global
	GlobalSection(SolutionConfigurationPlatforms) = preSolution
		Debug|Win32 = Debug|Win32
		Release|Win32 = Release|Win32
	EndGlobalSection
	GlobalSection(ProjectConfigurationPlatforms) = postSolution
		{848FCC62-A848-42CD-854D-C0D5AA60402D}.Debug|Win32.ActiveCfg = Debug|Win32
		{848FCC62-A848-42CD-854D-C0D5AA60402D}.Debug|Win32.Build.0 = Debug|Win32
		{848FCC62-A848-42CD-854D-C0D5AA60402D}.Release|Win32.ActiveCfg = Release|Win32
		{848FCC62-A848-42CD-854D-C0D5AA60402D}.Release|Win32.Build.0 = Release|Win32
	EndGlobalSection
	GlobalSection(SolutionProperties) = preSolution
		HideSolutionNode = FALSE
	EndGlobalSection
EndGlobal
