
Microsoft Visual Studio Solution File, Format Version 11.00
# Visual C++ Express 2010
Project("{8BC9CEB8-8B4A-11D0-8D11-00A0C91BC942}") = "cis26", "cis26\cis26.vcxproj", "{89024092-33B6-416A-9FE3-C26775EEDF04}"
EndProject
Global
	GlobalSection(SolutionConfigurationPlatforms) = preSolution
		Debug|Win32 = Debug|Win32
		Release|Win32 = Release|Win32
	EndGlobalSection
	GlobalSection(ProjectConfigurationPlatforms) = postSolution
		{89024092-33B6-416A-9FE3-C26775EEDF04}.Debug|Win32.ActiveCfg = Debug|Win32
		{89024092-33B6-416A-9FE3-C26775EEDF04}.Debug|Win32.Build.0 = Debug|Win32
		{89024092-33B6-416A-9FE3-C26775EEDF04}.Release|Win32.ActiveCfg = Release|Win32
		{89024092-33B6-416A-9FE3-C26775EEDF04}.Release|Win32.Build.0 = Release|Win32
	EndGlobalSection
	GlobalSection(SolutionProperties) = preSolution
		HideSolutionNode = FALSE
	EndGlobalSection
EndGlobal
